
Microsoft Visual Studio Solution File, Format Version 12.00
# Visual Studio Version 17
VisualStudioVersion = 17.2.32516.85
MinimumVisualStudioVersion = 10.0.40219.1
Project("{FAE04EC0-301F-11D3-BF4B-00C04F79EFBC}") = "CTH", "CTH.csproj", "{7D70613E-1418-41FE-8DAE-0E04CD9F064E}"
EndProject
Project("{FAE04EC0-301F-11D3-BF4B-00C04F79EFBC}") = "CTH.DAL", "..\CTH.DAL\CTH.DAL.csproj", "{8C04BCAD-A5C3-4C53-9ED1-1C60CCA0368E}"
EndProject
Project("{FAE04EC0-301F-11D3-BF4B-00C04F79EFBC}") = "CTH.BE", "..\CTH.BE\CTH.BE.csproj", "{FDCC8094-27C7-4E34-B01D-7BCBFD0B6E64}"
EndProject
Project("{FAE04EC0-301F-11D3-BF4B-00C04F79EFBC}") = "CTH.BLL", "..\CTH.BLL\CTH.BLL.csproj", "{28D53FA9-C362-4324-A6A1-38E8186318C8}"
EndProject
Project("{FAE04EC0-301F-11D3-BF4B-00C04F79EFBC}") = "CTH.Servicios", "..\CTH.Servicios\CTH.Servicios.csproj", "{874D6FC4-2D12-4EC6-8F0E-5D4FED10814C}"
EndProject
Global
	GlobalSection(SolutionConfigurationPlatforms) = preSolution
		Debug|Any CPU = Debug|Any CPU
		Release|Any CPU = Release|Any CPU
	EndGlobalSection
	GlobalSection(ProjectConfigurationPlatforms) = postSolution
		{7D70613E-1418-41FE-8DAE-0E04CD9F064E}.Debug|Any CPU.ActiveCfg = Debug|Any CPU
		{7D70613E-1418-41FE-8DAE-0E04CD9F064E}.Debug|Any CPU.Build.0 = Debug|Any CPU
		{7D70613E-1418-41FE-8DAE-0E04CD9F064E}.Release|Any CPU.ActiveCfg = Release|Any CPU
		{7D70613E-1418-41FE-8DAE-0E04CD9F064E}.Release|Any CPU.Build.0 = Release|Any CPU
		{8C04BCAD-A5C3-4C53-9ED1-1C60CCA0368E}.Debug|Any CPU.ActiveCfg = Debug|Any CPU
		{8C04BCAD-A5C3-4C53-9ED1-1C60CCA0368E}.Debug|Any CPU.Build.0 = Debug|Any CPU
		{8C04BCAD-A5C3-4C53-9ED1-1C60CCA0368E}.Release|Any CPU.ActiveCfg = Release|Any CPU
		{8C04BCAD-A5C3-4C53-9ED1-1C60CCA0368E}.Release|Any CPU.Build.0 = Release|Any CPU
		{FDCC8094-27C7-4E34-B01D-7BCBFD0B6E64}.Debug|Any CPU.ActiveCfg = Debug|Any CPU
		{FDCC8094-27C7-4E34-B01D-7BCBFD0B6E64}.Debug|Any CPU.Build.0 = Debug|Any CPU
		{FDCC8094-27C7-4E34-B01D-7BCBFD0B6E64}.Release|Any CPU.ActiveCfg = Release|Any CPU
		{FDCC8094-27C7-4E34-B01D-7BCBFD0B6E64}.Release|Any CPU.Build.0 = Release|Any CPU
		{28D53FA9-C362-4324-A6A1-38E8186318C8}.Debug|Any CPU.ActiveCfg = Debug|Any CPU
		{28D53FA9-C362-4324-A6A1-38E8186318C8}.Debug|Any CPU.Build.0 = Debug|Any CPU
		{28D53FA9-C362-4324-A6A1-38E8186318C8}.Release|Any CPU.ActiveCfg = Release|Any CPU
		{28D53FA9-C362-4324-A6A1-38E8186318C8}.Release|Any CPU.Build.0 = Release|Any CPU
		{874D6FC4-2D12-4EC6-8F0E-5D4FED10814C}.Debug|Any CPU.ActiveCfg = Debug|Any CPU
		{874D6FC4-2D12-4EC6-8F0E-5D4FED10814C}.Debug|Any CPU.Build.0 = Debug|Any CPU
		{874D6FC4-2D12-4EC6-8F0E-5D4FED10814C}.Release|Any CPU.ActiveCfg = Release|Any CPU
		{874D6FC4-2D12-4EC6-8F0E-5D4FED10814C}.Release|Any CPU.Build.0 = Release|Any CPU
	EndGlobalSection
	GlobalSection(SolutionProperties) = preSolution
		HideSolutionNode = FALSE
	EndGlobalSection
	GlobalSection(ExtensibilityGlobals) = postSolution
		SolutionGuid = {449B4A06-8623-4644-9CFF-D20FB2BA088C}
	EndGlobalSection
EndGlobal
